
Microsoft Visual Studio Solution File, Format Version 12.00
# Visual Studio Version 17
VisualStudioVersion = 17.0.31611.283
MinimumVisualStudioVersion = 10.0.40219.1
Project("{9A19103F-16F7-4668-BE54-9A1E7A4F7556}") = "MauiApp_Shell_POC", "MauiApp_Shell_POC.csproj", "{A37CFA88-6EFE-4A13-A747-7EDD1FE6E1EC}"
EndProject
Global
	GlobalSection(SolutionConfigurationPlatforms) = preSolution
		Debug|Any CPU = Debug|Any CPU
		Release|Any CPU = Release|Any CPU
	EndGlobalSection
	GlobalSection(ProjectConfigurationPlatforms) = postSolution
		{A37CFA88-6EFE-4A13-A747-7EDD1FE6E1EC}.Debug|Any CPU.ActiveCfg = Debug|Any CPU
		{A37CFA88-6EFE-4A13-A747-7EDD1FE6E1EC}.Debug|Any CPU.Build.0 = Debug|Any CPU
		{A37CFA88-6EFE-4A13-A747-7EDD1FE6E1EC}.Debug|Any CPU.Deploy.0 = Debug|Any CPU
		{A37CFA88-6EFE-4A13-A747-7EDD1FE6E1EC}.Release|Any CPU.ActiveCfg = Release|Any CPU
		{A37CFA88-6EFE-4A13-A747-7EDD1FE6E1EC}.Release|Any CPU.Build.0 = Release|Any CPU
		{A37CFA88-6EFE-4A13-A747-7EDD1FE6E1EC}.Release|Any CPU.Deploy.0 = Release|Any CPU
	EndGlobalSection
	GlobalSection(SolutionProperties) = preSolution
		HideSolutionNode = FALSE
	EndGlobalSection
	GlobalSection(ExtensibilityGlobals) = postSolution
		SolutionGuid = {61F7FB11-1E47-470C-91E2-47F8143E1572}
	EndGlobalSection
EndGlobal
